
Microsoft Visual Studio Solution File, Format Version 12.00
# Visual Studio 15
VisualStudioVersion = 15.0.28307.168
MinimumVisualStudioVersion = 10.0.40219.1
Project("{FAE04EC0-301F-11D3-BF4B-00C04F79EFBC}") = "LogInReadFile", "LogInReadFile\LogInReadFile.csproj", "{BC3D8364-3977-46BF-9794-49522F822185}"
EndProject
Global
	GlobalSection(SolutionConfigurationPlatforms) = preSolution
		Debug|Any CPU = Debug|Any CPU
		Release|Any CPU = Release|Any CPU
	EndGlobalSection
	GlobalSection(ProjectConfigurationPlatforms) = postSolution
		{BC3D8364-3977-46BF-9794-49522F822185}.Debug|Any CPU.ActiveCfg = Debug|Any CPU
		{BC3D8364-3977-46BF-9794-49522F822185}.Debug|Any CPU.Build.0 = Debug|Any CPU
		{BC3D8364-3977-46BF-9794-49522F822185}.Release|Any CPU.ActiveCfg = Release|Any CPU
		{BC3D8364-3977-46BF-9794-49522F822185}.Release|Any CPU.Build.0 = Release|Any CPU
	EndGlobalSection
	GlobalSection(SolutionProperties) = preSolution
		HideSolutionNode = FALSE
	EndGlobalSection
	GlobalSection(ExtensibilityGlobals) = postSolution
		SolutionGuid = {BCCC0FC6-E337-4341-9E2D-5B0615372E5C}
	EndGlobalSection
EndGlobal
